
Microsoft Visual Studio Solution File, Format Version 12.00
# Visual Studio Version 17
VisualStudioVersion = 17.7.34024.191
MinimumVisualStudioVersion = 10.0.40219.1
Project("{9A19103F-16F7-4668-BE54-9A1E7A4F7556}") = "IxMilia.ModelExplorer", "IxMilia.ModelExplorer\IxMilia.ModelExplorer.csproj", "{E2C36107-1C4E-48FE-88AA-B9E9C9FF76CD}"
EndProject
Project("{9A19103F-16F7-4668-BE54-9A1E7A4F7556}") = "IxMilia.ModelExplorer.Desktop", "IxMilia.ModelExplorer.Desktop\IxMilia.ModelExplorer.Desktop.csproj", "{9E984414-0932-4B52-B600-92431655EB5C}"
EndProject
Project("{9A19103F-16F7-4668-BE54-9A1E7A4F7556}") = "IxMilia.Stl", "stl\src\IxMilia.Stl\IxMilia.Stl.csproj", "{68084CA7-EA08-4772-B368-CA44E675AB39}"
EndProject
Global
	GlobalSection(SolutionConfigurationPlatforms) = preSolution
		Debug|Any CPU = Debug|Any CPU
		Release|Any CPU = Release|Any CPU
	EndGlobalSection
	GlobalSection(ProjectConfigurationPlatforms) = postSolution
		{E2C36107-1C4E-48FE-88AA-B9E9C9FF76CD}.Debug|Any CPU.ActiveCfg = Debug|Any CPU
		{E2C36107-1C4E-48FE-88AA-B9E9C9FF76CD}.Debug|Any CPU.Build.0 = Debug|Any CPU
		{E2C36107-1C4E-48FE-88AA-B9E9C9FF76CD}.Release|Any CPU.ActiveCfg = Release|Any CPU
		{E2C36107-1C4E-48FE-88AA-B9E9C9FF76CD}.Release|Any CPU.Build.0 = Release|Any CPU
		{9E984414-0932-4B52-B600-92431655EB5C}.Debug|Any CPU.ActiveCfg = Debug|Any CPU
		{9E984414-0932-4B52-B600-92431655EB5C}.Debug|Any CPU.Build.0 = Debug|Any CPU
		{9E984414-0932-4B52-B600-92431655EB5C}.Release|Any CPU.ActiveCfg = Release|Any CPU
		{9E984414-0932-4B52-B600-92431655EB5C}.Release|Any CPU.Build.0 = Release|Any CPU
		{68084CA7-EA08-4772-B368-CA44E675AB39}.Debug|Any CPU.ActiveCfg = Debug|Any CPU
		{68084CA7-EA08-4772-B368-CA44E675AB39}.Debug|Any CPU.Build.0 = Debug|Any CPU
		{68084CA7-EA08-4772-B368-CA44E675AB39}.Release|Any CPU.ActiveCfg = Release|Any CPU
		{68084CA7-EA08-4772-B368-CA44E675AB39}.Release|Any CPU.Build.0 = Release|Any CPU
	EndGlobalSection
	GlobalSection(SolutionProperties) = preSolution
		HideSolutionNode = FALSE
	EndGlobalSection
	GlobalSection(ExtensibilityGlobals) = postSolution
		SolutionGuid = {0205BE9F-6CDC-4C9E-9EF7-C00064361F97}
	EndGlobalSection
EndGlobal
